
Microsoft Visual Studio Solution File, Format Version 12.00
# Visual Studio 2012
Project("{FAE04EC0-301F-11D3-BF4B-00C04F79EFBC}") = "Gateway.Api.Sample.SetPoint", "Gateway.Api.Sample.SetPoint\Gateway.Api.Sample.SetPoint.csproj", "{DB8DB570-3AAF-45B2-BE8A-E8F59326644F}"
EndProject
Project("{FAE04EC0-301F-11D3-BF4B-00C04F79EFBC}") = "Gateway.Api.Sample.Commissioning", "Gateway.Api.Sample.Commissioning\Gateway.Api.Sample.Commissioning.csproj", "{95CFE22B-F6A8-4550-B5AF-62537A37A70A}"
EndProject
Project("{FAE04EC0-301F-11D3-BF4B-00C04F79EFBC}") = "Gateway.Api.Sample.Nameplate", "Gateway.Api.Sample.Nameplate\Gateway.Api.Sample.Nameplate.csproj", "{9B2D76F3-AB3E-4402-83AD-C3FBE5FBA695}"
EndProject
Project("{FAE04EC0-301F-11D3-BF4B-00C04F79EFBC}") = "Gateway.Api.Sample.ReadPoint", "Gateway.Api.Sample.ReadPoint\Gateway.Api.Sample.ReadPoint.csproj", "{029F88BA-0032-4874-B698-95347AC968E9}"
EndProject
Project("{FAE04EC0-301F-11D3-BF4B-00C04F79EFBC}") = "Gateway.Api.Sample.ShowSecurity", "Gateway.Api.Sample.ShowSecurity\Gateway.Api.Sample.ShowSecurity.csproj", "{BD7A60AB-5F16-432C-BE83-CFF517C1B854}"
EndProject
Project("{FAE04EC0-301F-11D3-BF4B-00C04F79EFBC}") = "Gateway.Api.Sample.ListPoints", "Gateway.Api.Sample.ListPoints\Gateway.Api.Sample.ListPoints.csproj", "{97666E18-3CC6-4675-ADED-572BF46350D2}"
EndProject
Project("{FAE04EC0-301F-11D3-BF4B-00C04F79EFBC}") = "Gateway.Api.Sample.Files.SmpFTP", "Gateway.Api.Sample.Files.SmpFTP\Gateway.Api.Sample.Files.SmpFTP.csproj", "{5CFE7B7D-AB89-4CDB-81C0-666D21A2439A}"
EndProject
Project("{FAE04EC0-301F-11D3-BF4B-00C04F79EFBC}") = "Gateway.Api.Sample.Files.Download", "Gateway.Api.Sample.Files.Download\Gateway.Api.Sample.Files.Download.csproj", "{3DAF9FAF-48FB-4745-A01C-A659444A7C60}"
EndProject
Project("{FAE04EC0-301F-11D3-BF4B-00C04F79EFBC}") = "Gateway.Api.Sample.Files.Sync", "Gateway.Api.Sample.Files.Sync\Gateway.Api.Sample.Files.Sync.csproj", "{3B3AB3D4-FB80-4A91-82C6-1E874AE0119F}"
EndProject
Project("{FAE04EC0-301F-11D3-BF4B-00C04F79EFBC}") = "Gateway.Api.Sample.Files.List", "Gateway.Api.Sample.Files.List\Gateway.Api.Sample.Files.List.csproj", "{0B6BF6C2-4CE2-43D6-B819-9A9DCDF87905}"
EndProject
Global
	GlobalSection(SolutionConfigurationPlatforms) = preSolution
		Debug|Any CPU = Debug|Any CPU
		Debug|Mixed Platforms = Debug|Mixed Platforms
		Debug|Win32 = Debug|Win32
		Release|Any CPU = Release|Any CPU
		Release|Mixed Platforms = Release|Mixed Platforms
		Release|Win32 = Release|Win32
	EndGlobalSection
	GlobalSection(ProjectConfigurationPlatforms) = postSolution
		{1CD9221F-FD81-43F0-B1FC-48DD92248CD8}.Debug|Any CPU.ActiveCfg = Debug|Any CPU
		{1CD9221F-FD81-43F0-B1FC-48DD92248CD8}.Debug|Any CPU.Build.0 = Debug|Any CPU
		{1CD9221F-FD81-43F0-B1FC-48DD92248CD8}.Debug|Mixed Platforms.ActiveCfg = Debug|Any CPU
		{1CD9221F-FD81-43F0-B1FC-48DD92248CD8}.Debug|Mixed Platforms.Build.0 = Debug|Any CPU
		{1CD9221F-FD81-43F0-B1FC-48DD92248CD8}.Debug|Win32.ActiveCfg = Debug|Any CPU
		{1CD9221F-FD81-43F0-B1FC-48DD92248CD8}.Release|Any CPU.ActiveCfg = Release|Any CPU
		{1CD9221F-FD81-43F0-B1FC-48DD92248CD8}.Release|Any CPU.Build.0 = Release|Any CPU
		{1CD9221F-FD81-43F0-B1FC-48DD92248CD8}.Release|Mixed Platforms.ActiveCfg = Release|Any CPU
		{1CD9221F-FD81-43F0-B1FC-48DD92248CD8}.Release|Mixed Platforms.Build.0 = Release|Any CPU
		{1CD9221F-FD81-43F0-B1FC-48DD92248CD8}.Release|Win32.ActiveCfg = Release|Any CPU
		{EFDCA223-4A0A-49DD-B3B1-C2B7ACB11766}.Debug|Any CPU.ActiveCfg = Debug|Any CPU
		{EFDCA223-4A0A-49DD-B3B1-C2B7ACB11766}.Debug|Any CPU.Build.0 = Debug|Any CPU
		{EFDCA223-4A0A-49DD-B3B1-C2B7ACB11766}.Debug|Mixed Platforms.ActiveCfg = Debug|Any CPU
		{EFDCA223-4A0A-49DD-B3B1-C2B7ACB11766}.Debug|Mixed Platforms.Build.0 = Debug|Any CPU
		{EFDCA223-4A0A-49DD-B3B1-C2B7ACB11766}.Debug|Win32.ActiveCfg = Debug|Any CPU
		{EFDCA223-4A0A-49DD-B3B1-C2B7ACB11766}.Release|Any CPU.ActiveCfg = Release|Any CPU
		{EFDCA223-4A0A-49DD-B3B1-C2B7ACB11766}.Release|Any CPU.Build.0 = Release|Any CPU
		{EFDCA223-4A0A-49DD-B3B1-C2B7ACB11766}.Release|Mixed Platforms.ActiveCfg = Release|Any CPU
		{EFDCA223-4A0A-49DD-B3B1-C2B7ACB11766}.Release|Mixed Platforms.Build.0 = Release|Any CPU
		{EFDCA223-4A0A-49DD-B3B1-C2B7ACB11766}.Release|Win32.ActiveCfg = Release|Any CPU
		{DB8DB570-3AAF-45B2-BE8A-E8F59326644F}.Debug|Any CPU.ActiveCfg = Debug|Any CPU
		{DB8DB570-3AAF-45B2-BE8A-E8F59326644F}.Debug|Any CPU.Build.0 = Debug|Any CPU
		{DB8DB570-3AAF-45B2-BE8A-E8F59326644F}.Debug|Mixed Platforms.ActiveCfg = Debug|Any CPU
		{DB8DB570-3AAF-45B2-BE8A-E8F59326644F}.Debug|Mixed Platforms.Build.0 = Debug|Any CPU
		{DB8DB570-3AAF-45B2-BE8A-E8F59326644F}.Debug|Win32.ActiveCfg = Debug|Any CPU
		{DB8DB570-3AAF-45B2-BE8A-E8F59326644F}.Release|Any CPU.ActiveCfg = Release|Any CPU
		{DB8DB570-3AAF-45B2-BE8A-E8F59326644F}.Release|Any CPU.Build.0 = Release|Any CPU
		{DB8DB570-3AAF-45B2-BE8A-E8F59326644F}.Release|Mixed Platforms.ActiveCfg = Release|Any CPU
		{DB8DB570-3AAF-45B2-BE8A-E8F59326644F}.Release|Mixed Platforms.Build.0 = Release|Any CPU
		{DB8DB570-3AAF-45B2-BE8A-E8F59326644F}.Release|Win32.ActiveCfg = Release|Any CPU
		{95CFE22B-F6A8-4550-B5AF-62537A37A70A}.Debug|Any CPU.ActiveCfg = Debug|Any CPU
		{95CFE22B-F6A8-4550-B5AF-62537A37A70A}.Debug|Any CPU.Build.0 = Debug|Any CPU
		{95CFE22B-F6A8-4550-B5AF-62537A37A70A}.Debug|Mixed Platforms.ActiveCfg = Debug|Any CPU
		{95CFE22B-F6A8-4550-B5AF-62537A37A70A}.Debug|Mixed Platforms.Build.0 = Debug|Any CPU
		{95CFE22B-F6A8-4550-B5AF-62537A37A70A}.Debug|Win32.ActiveCfg = Debug|Any CPU
		{95CFE22B-F6A8-4550-B5AF-62537A37A70A}.Release|Any CPU.ActiveCfg = Release|Any CPU
		{95CFE22B-F6A8-4550-B5AF-62537A37A70A}.Release|Any CPU.Build.0 = Release|Any CPU
		{95CFE22B-F6A8-4550-B5AF-62537A37A70A}.Release|Mixed Platforms.ActiveCfg = Release|Any CPU
		{95CFE22B-F6A8-4550-B5AF-62537A37A70A}.Release|Mixed Platforms.Build.0 = Release|Any CPU
		{95CFE22B-F6A8-4550-B5AF-62537A37A70A}.Release|Win32.ActiveCfg = Release|Any CPU
		{9B2D76F3-AB3E-4402-83AD-C3FBE5FBA695}.Debug|Any CPU.ActiveCfg = Debug|Any CPU
		{9B2D76F3-AB3E-4402-83AD-C3FBE5FBA695}.Debug|Any CPU.Build.0 = Debug|Any CPU
		{9B2D76F3-AB3E-4402-83AD-C3FBE5FBA695}.Debug|Mixed Platforms.ActiveCfg = Debug|Any CPU
		{9B2D76F3-AB3E-4402-83AD-C3FBE5FBA695}.Debug|Mixed Platforms.Build.0 = Debug|Any CPU
		{9B2D76F3-AB3E-4402-83AD-C3FBE5FBA695}.Debug|Win32.ActiveCfg = Debug|Any CPU
		{9B2D76F3-AB3E-4402-83AD-C3FBE5FBA695}.Release|Any CPU.ActiveCfg = Release|Any CPU
		{9B2D76F3-AB3E-4402-83AD-C3FBE5FBA695}.Release|Any CPU.Build.0 = Release|Any CPU
		{9B2D76F3-AB3E-4402-83AD-C3FBE5FBA695}.Release|Mixed Platforms.ActiveCfg = Release|Any CPU
		{9B2D76F3-AB3E-4402-83AD-C3FBE5FBA695}.Release|Mixed Platforms.Build.0 = Release|Any CPU
		{9B2D76F3-AB3E-4402-83AD-C3FBE5FBA695}.Release|Win32.ActiveCfg = Release|Any CPU
		{029F88BA-0032-4874-B698-95347AC968E9}.Debug|Any CPU.ActiveCfg = Debug|Any CPU
		{029F88BA-0032-4874-B698-95347AC968E9}.Debug|Any CPU.Build.0 = Debug|Any CPU
		{029F88BA-0032-4874-B698-95347AC968E9}.Debug|Mixed Platforms.ActiveCfg = Debug|Any CPU
		{029F88BA-0032-4874-B698-95347AC968E9}.Debug|Mixed Platforms.Build.0 = Debug|Any CPU
		{029F88BA-0032-4874-B698-95347AC968E9}.Debug|Win32.ActiveCfg = Debug|Any CPU
		{029F88BA-0032-4874-B698-95347AC968E9}.Release|Any CPU.ActiveCfg = Release|Any CPU
		{029F88BA-0032-4874-B698-95347AC968E9}.Release|Any CPU.Build.0 = Release|Any CPU
		{029F88BA-0032-4874-B698-95347AC968E9}.Release|Mixed Platforms.ActiveCfg = Release|Any CPU
		{029F88BA-0032-4874-B698-95347AC968E9}.Release|Mixed Platforms.Build.0 = Release|Any CPU
		{029F88BA-0032-4874-B698-95347AC968E9}.Release|Win32.ActiveCfg = Release|Any CPU
		{BD7A60AB-5F16-432C-BE83-CFF517C1B854}.Debug|Any CPU.ActiveCfg = Debug|Any CPU
		{BD7A60AB-5F16-432C-BE83-CFF517C1B854}.Debug|Any CPU.Build.0 = Debug|Any CPU
		{BD7A60AB-5F16-432C-BE83-CFF517C1B854}.Debug|Mixed Platforms.ActiveCfg = Debug|Any CPU
		{BD7A60AB-5F16-432C-BE83-CFF517C1B854}.Debug|Mixed Platforms.Build.0 = Debug|Any CPU
		{BD7A60AB-5F16-432C-BE83-CFF517C1B854}.Debug|Win32.ActiveCfg = Debug|Any CPU
		{BD7A60AB-5F16-432C-BE83-CFF517C1B854}.Release|Any CPU.ActiveCfg = Release|Any CPU
		{BD7A60AB-5F16-432C-BE83-CFF517C1B854}.Release|Any CPU.Build.0 = Release|Any CPU
		{BD7A60AB-5F16-432C-BE83-CFF517C1B854}.Release|Mixed Platforms.ActiveCfg = Release|Any CPU
		{BD7A60AB-5F16-432C-BE83-CFF517C1B854}.Release|Mixed Platforms.Build.0 = Release|Any CPU
		{BD7A60AB-5F16-432C-BE83-CFF517C1B854}.Release|Win32.ActiveCfg = Release|Any CPU
		{98DEAC43-01FC-43FD-BB90-06948F6D7E47}.Debug|Any CPU.ActiveCfg = Debug|Any CPU
		{98DEAC43-01FC-43FD-BB90-06948F6D7E47}.Debug|Any CPU.Build.0 = Debug|Any CPU
		{98DEAC43-01FC-43FD-BB90-06948F6D7E47}.Debug|Mixed Platforms.ActiveCfg = Debug|Any CPU
		{98DEAC43-01FC-43FD-BB90-06948F6D7E47}.Debug|Mixed Platforms.Build.0 = Debug|Any CPU
		{98DEAC43-01FC-43FD-BB90-06948F6D7E47}.Debug|Win32.ActiveCfg = Debug|Any CPU
		{98DEAC43-01FC-43FD-BB90-06948F6D7E47}.Release|Any CPU.ActiveCfg = Release|Any CPU
		{98DEAC43-01FC-43FD-BB90-06948F6D7E47}.Release|Any CPU.Build.0 = Release|Any CPU
		{98DEAC43-01FC-43FD-BB90-06948F6D7E47}.Release|Mixed Platforms.ActiveCfg = Release|Any CPU
		{98DEAC43-01FC-43FD-BB90-06948F6D7E47}.Release|Mixed Platforms.Build.0 = Release|Any CPU
		{98DEAC43-01FC-43FD-BB90-06948F6D7E47}.Release|Win32.ActiveCfg = Release|Any CPU
		{B50A4378-219B-4EE2-9AB1-4EA1E1757884}.Debug|Any CPU.ActiveCfg = Debug|Any CPU
		{B50A4378-219B-4EE2-9AB1-4EA1E1757884}.Debug|Any CPU.Build.0 = Debug|Any CPU
		{B50A4378-219B-4EE2-9AB1-4EA1E1757884}.Debug|Mixed Platforms.ActiveCfg = Debug|Any CPU
		{B50A4378-219B-4EE2-9AB1-4EA1E1757884}.Debug|Mixed Platforms.Build.0 = Debug|Any CPU
		{B50A4378-219B-4EE2-9AB1-4EA1E1757884}.Debug|Win32.ActiveCfg = Debug|Any CPU
		{B50A4378-219B-4EE2-9AB1-4EA1E1757884}.Release|Any CPU.ActiveCfg = Release|Any CPU
		{B50A4378-219B-4EE2-9AB1-4EA1E1757884}.Release|Any CPU.Build.0 = Release|Any CPU
		{B50A4378-219B-4EE2-9AB1-4EA1E1757884}.Release|Mixed Platforms.ActiveCfg = Release|Any CPU
		{B50A4378-219B-4EE2-9AB1-4EA1E1757884}.Release|Mixed Platforms.Build.0 = Release|Any CPU
		{B50A4378-219B-4EE2-9AB1-4EA1E1757884}.Release|Win32.ActiveCfg = Release|Any CPU
		{A2C0EBCC-F90C-4BD2-B831-FFDEA275ED2A}.Debug|Any CPU.ActiveCfg = Debug|Any CPU
		{A2C0EBCC-F90C-4BD2-B831-FFDEA275ED2A}.Debug|Any CPU.Build.0 = Debug|Any CPU
		{A2C0EBCC-F90C-4BD2-B831-FFDEA275ED2A}.Debug|Mixed Platforms.ActiveCfg = Debug|Any CPU
		{A2C0EBCC-F90C-4BD2-B831-FFDEA275ED2A}.Debug|Mixed Platforms.Build.0 = Debug|Any CPU
		{A2C0EBCC-F90C-4BD2-B831-FFDEA275ED2A}.Debug|Win32.ActiveCfg = Debug|Any CPU
		{A2C0EBCC-F90C-4BD2-B831-FFDEA275ED2A}.Release|Any CPU.ActiveCfg = Release|Any CPU
		{A2C0EBCC-F90C-4BD2-B831-FFDEA275ED2A}.Release|Any CPU.Build.0 = Release|Any CPU
		{A2C0EBCC-F90C-4BD2-B831-FFDEA275ED2A}.Release|Mixed Platforms.ActiveCfg = Release|Any CPU
		{A2C0EBCC-F90C-4BD2-B831-FFDEA275ED2A}.Release|Mixed Platforms.Build.0 = Release|Any CPU
		{A2C0EBCC-F90C-4BD2-B831-FFDEA275ED2A}.Release|Win32.ActiveCfg = Release|Any CPU
		{97666E18-3CC6-4675-ADED-572BF46350D2}.Debug|Any CPU.ActiveCfg = Debug|Any CPU
		{97666E18-3CC6-4675-ADED-572BF46350D2}.Debug|Any CPU.Build.0 = Debug|Any CPU
		{97666E18-3CC6-4675-ADED-572BF46350D2}.Debug|Mixed Platforms.ActiveCfg = Debug|Any CPU
		{97666E18-3CC6-4675-ADED-572BF46350D2}.Debug|Mixed Platforms.Build.0 = Debug|Any CPU
		{97666E18-3CC6-4675-ADED-572BF46350D2}.Debug|Win32.ActiveCfg = Debug|Any CPU
		{97666E18-3CC6-4675-ADED-572BF46350D2}.Release|Any CPU.ActiveCfg = Release|Any CPU
		{97666E18-3CC6-4675-ADED-572BF46350D2}.Release|Any CPU.Build.0 = Release|Any CPU
		{97666E18-3CC6-4675-ADED-572BF46350D2}.Release|Mixed Platforms.ActiveCfg = Release|Any CPU
		{97666E18-3CC6-4675-ADED-572BF46350D2}.Release|Mixed Platforms.Build.0 = Release|Any CPU
		{97666E18-3CC6-4675-ADED-572BF46350D2}.Release|Win32.ActiveCfg = Release|Any CPU
		{9E33F15C-F418-45F6-80D5-DA00BAEEFFEF}.Debug|Any CPU.ActiveCfg = Debug|Win32
		{9E33F15C-F418-45F6-80D5-DA00BAEEFFEF}.Debug|Mixed Platforms.ActiveCfg = Debug|Win32
		{9E33F15C-F418-45F6-80D5-DA00BAEEFFEF}.Debug|Mixed Platforms.Build.0 = Debug|Win32
		{9E33F15C-F418-45F6-80D5-DA00BAEEFFEF}.Debug|Win32.ActiveCfg = Debug|Win32
		{9E33F15C-F418-45F6-80D5-DA00BAEEFFEF}.Debug|Win32.Build.0 = Debug|Win32
		{9E33F15C-F418-45F6-80D5-DA00BAEEFFEF}.Release|Any CPU.ActiveCfg = Release|Win32
		{9E33F15C-F418-45F6-80D5-DA00BAEEFFEF}.Release|Mixed Platforms.ActiveCfg = Release|Win32
		{9E33F15C-F418-45F6-80D5-DA00BAEEFFEF}.Release|Mixed Platforms.Build.0 = Release|Win32
		{9E33F15C-F418-45F6-80D5-DA00BAEEFFEF}.Release|Win32.ActiveCfg = Release|Win32
		{9E33F15C-F418-45F6-80D5-DA00BAEEFFEF}.Release|Win32.Build.0 = Release|Win32
		{5CFE7B7D-AB89-4CDB-81C0-666D21A2439A}.Debug|Any CPU.ActiveCfg = Debug|Any CPU
		{5CFE7B7D-AB89-4CDB-81C0-666D21A2439A}.Debug|Any CPU.Build.0 = Debug|Any CPU
		{5CFE7B7D-AB89-4CDB-81C0-666D21A2439A}.Debug|Mixed Platforms.ActiveCfg = Debug|Any CPU
		{5CFE7B7D-AB89-4CDB-81C0-666D21A2439A}.Debug|Mixed Platforms.Build.0 = Debug|Any CPU
		{5CFE7B7D-AB89-4CDB-81C0-666D21A2439A}.Debug|Win32.ActiveCfg = Debug|Any CPU
		{5CFE7B7D-AB89-4CDB-81C0-666D21A2439A}.Release|Any CPU.ActiveCfg = Release|Any CPU
		{5CFE7B7D-AB89-4CDB-81C0-666D21A2439A}.Release|Any CPU.Build.0 = Release|Any CPU
		{5CFE7B7D-AB89-4CDB-81C0-666D21A2439A}.Release|Mixed Platforms.ActiveCfg = Release|Any CPU
		{5CFE7B7D-AB89-4CDB-81C0-666D21A2439A}.Release|Mixed Platforms.Build.0 = Release|Any CPU
		{5CFE7B7D-AB89-4CDB-81C0-666D21A2439A}.Release|Win32.ActiveCfg = Release|Any CPU
		{DE381F6D-B61C-4F3A-AF0A-F63CAB36D300}.Debug|Any CPU.ActiveCfg = Debug|Any CPU
		{DE381F6D-B61C-4F3A-AF0A-F63CAB36D300}.Debug|Any CPU.Build.0 = Debug|Any CPU
		{DE381F6D-B61C-4F3A-AF0A-F63CAB36D300}.Debug|Mixed Platforms.ActiveCfg = Debug|Any CPU
		{DE381F6D-B61C-4F3A-AF0A-F63CAB36D300}.Debug|Mixed Platforms.Build.0 = Debug|Any CPU
		{DE381F6D-B61C-4F3A-AF0A-F63CAB36D300}.Debug|Win32.ActiveCfg = Debug|Any CPU
		{DE381F6D-B61C-4F3A-AF0A-F63CAB36D300}.Release|Any CPU.ActiveCfg = Release|Any CPU
		{DE381F6D-B61C-4F3A-AF0A-F63CAB36D300}.Release|Any CPU.Build.0 = Release|Any CPU
		{DE381F6D-B61C-4F3A-AF0A-F63CAB36D300}.Release|Mixed Platforms.ActiveCfg = Release|Any CPU
		{DE381F6D-B61C-4F3A-AF0A-F63CAB36D300}.Release|Mixed Platforms.Build.0 = Release|Any CPU
		{DE381F6D-B61C-4F3A-AF0A-F63CAB36D300}.Release|Win32.ActiveCfg = Release|Any CPU
		{3DAF9FAF-48FB-4745-A01C-A659444A7C60}.Debug|Any CPU.ActiveCfg = Debug|Any CPU
		{3DAF9FAF-48FB-4745-A01C-A659444A7C60}.Debug|Any CPU.Build.0 = Debug|Any CPU
		{3DAF9FAF-48FB-4745-A01C-A659444A7C60}.Debug|Mixed Platforms.ActiveCfg = Debug|Any CPU
		{3DAF9FAF-48FB-4745-A01C-A659444A7C60}.Debug|Mixed Platforms.Build.0 = Debug|Any CPU
		{3DAF9FAF-48FB-4745-A01C-A659444A7C60}.Debug|Win32.ActiveCfg = Debug|Any CPU
		{3DAF9FAF-48FB-4745-A01C-A659444A7C60}.Release|Any CPU.ActiveCfg = Release|Any CPU
		{3DAF9FAF-48FB-4745-A01C-A659444A7C60}.Release|Any CPU.Build.0 = Release|Any CPU
		{3DAF9FAF-48FB-4745-A01C-A659444A7C60}.Release|Mixed Platforms.ActiveCfg = Release|Any CPU
		{3DAF9FAF-48FB-4745-A01C-A659444A7C60}.Release|Mixed Platforms.Build.0 = Release|Any CPU
		{3DAF9FAF-48FB-4745-A01C-A659444A7C60}.Release|Win32.ActiveCfg = Release|Any CPU
		{3B3AB3D4-FB80-4A91-82C6-1E874AE0119F}.Debug|Any CPU.ActiveCfg = Debug|Any CPU
		{3B3AB3D4-FB80-4A91-82C6-1E874AE0119F}.Debug|Any CPU.Build.0 = Debug|Any CPU
		{3B3AB3D4-FB80-4A91-82C6-1E874AE0119F}.Debug|Mixed Platforms.ActiveCfg = Debug|Any CPU
		{3B3AB3D4-FB80-4A91-82C6-1E874AE0119F}.Debug|Mixed Platforms.Build.0 = Debug|Any CPU
		{3B3AB3D4-FB80-4A91-82C6-1E874AE0119F}.Debug|Win32.ActiveCfg = Debug|Any CPU
		{3B3AB3D4-FB80-4A91-82C6-1E874AE0119F}.Release|Any CPU.ActiveCfg = Release|Any CPU
		{3B3AB3D4-FB80-4A91-82C6-1E874AE0119F}.Release|Any CPU.Build.0 = Release|Any CPU
		{3B3AB3D4-FB80-4A91-82C6-1E874AE0119F}.Release|Mixed Platforms.ActiveCfg = Release|Any CPU
		{3B3AB3D4-FB80-4A91-82C6-1E874AE0119F}.Release|Mixed Platforms.Build.0 = Release|Any CPU
		{3B3AB3D4-FB80-4A91-82C6-1E874AE0119F}.Release|Win32.ActiveCfg = Release|Any CPU
		{F8BB0050-B107-460E-8908-77270CCAC726}.Debug|Any CPU.ActiveCfg = Debug|Any CPU
		{F8BB0050-B107-460E-8908-77270CCAC726}.Debug|Any CPU.Build.0 = Debug|Any CPU
		{F8BB0050-B107-460E-8908-77270CCAC726}.Debug|Mixed Platforms.ActiveCfg = Debug|Any CPU
		{F8BB0050-B107-460E-8908-77270CCAC726}.Debug|Mixed Platforms.Build.0 = Debug|Any CPU
		{F8BB0050-B107-460E-8908-77270CCAC726}.Debug|Win32.ActiveCfg = Debug|Any CPU
		{F8BB0050-B107-460E-8908-77270CCAC726}.Release|Any CPU.ActiveCfg = Release|Any CPU
		{F8BB0050-B107-460E-8908-77270CCAC726}.Release|Any CPU.Build.0 = Release|Any CPU
		{F8BB0050-B107-460E-8908-77270CCAC726}.Release|Mixed Platforms.ActiveCfg = Release|Any CPU
		{F8BB0050-B107-460E-8908-77270CCAC726}.Release|Mixed Platforms.Build.0 = Release|Any CPU
		{F8BB0050-B107-460E-8908-77270CCAC726}.Release|Win32.ActiveCfg = Release|Any CPU
		{2804770C-04D2-450E-9EB5-F5F243338A29}.Debug|Any CPU.ActiveCfg = Debug|Any CPU
		{2804770C-04D2-450E-9EB5-F5F243338A29}.Debug|Any CPU.Build.0 = Debug|Any CPU
		{2804770C-04D2-450E-9EB5-F5F243338A29}.Debug|Mixed Platforms.ActiveCfg = Debug|Any CPU
		{2804770C-04D2-450E-9EB5-F5F243338A29}.Debug|Mixed Platforms.Build.0 = Debug|Any CPU
		{2804770C-04D2-450E-9EB5-F5F243338A29}.Debug|Win32.ActiveCfg = Debug|Any CPU
		{2804770C-04D2-450E-9EB5-F5F243338A29}.Release|Any CPU.ActiveCfg = Release|Any CPU
		{2804770C-04D2-450E-9EB5-F5F243338A29}.Release|Any CPU.Build.0 = Release|Any CPU
		{2804770C-04D2-450E-9EB5-F5F243338A29}.Release|Mixed Platforms.ActiveCfg = Release|Any CPU
		{2804770C-04D2-450E-9EB5-F5F243338A29}.Release|Mixed Platforms.Build.0 = Release|Any CPU
		{2804770C-04D2-450E-9EB5-F5F243338A29}.Release|Win32.ActiveCfg = Release|Any CPU
		{240C8BE4-A2C0-41DB-B5AD-9D2D3EEC6C36}.Debug|Any CPU.ActiveCfg = Debug|Any CPU
		{240C8BE4-A2C0-41DB-B5AD-9D2D3EEC6C36}.Debug|Any CPU.Build.0 = Debug|Any CPU
		{240C8BE4-A2C0-41DB-B5AD-9D2D3EEC6C36}.Debug|Mixed Platforms.ActiveCfg = Debug|Any CPU
		{240C8BE4-A2C0-41DB-B5AD-9D2D3EEC6C36}.Debug|Mixed Platforms.Build.0 = Debug|Any CPU
		{240C8BE4-A2C0-41DB-B5AD-9D2D3EEC6C36}.Debug|Win32.ActiveCfg = Debug|Any CPU
		{240C8BE4-A2C0-41DB-B5AD-9D2D3EEC6C36}.Release|Any CPU.ActiveCfg = Release|Any CPU
		{240C8BE4-A2C0-41DB-B5AD-9D2D3EEC6C36}.Release|Any CPU.Build.0 = Release|Any CPU
		{240C8BE4-A2C0-41DB-B5AD-9D2D3EEC6C36}.Release|Mixed Platforms.ActiveCfg = Release|Any CPU
		{240C8BE4-A2C0-41DB-B5AD-9D2D3EEC6C36}.Release|Mixed Platforms.Build.0 = Release|Any CPU
		{240C8BE4-A2C0-41DB-B5AD-9D2D3EEC6C36}.Release|Win32.ActiveCfg = Release|Any CPU
		{A2033FF4-7E2A-40CA-9C63-60A9A4469B41}.Debug|Any CPU.ActiveCfg = Debug|Any CPU
		{A2033FF4-7E2A-40CA-9C63-60A9A4469B41}.Debug|Any CPU.Build.0 = Debug|Any CPU
		{A2033FF4-7E2A-40CA-9C63-60A9A4469B41}.Debug|Mixed Platforms.ActiveCfg = Debug|Any CPU
		{A2033FF4-7E2A-40CA-9C63-60A9A4469B41}.Debug|Mixed Platforms.Build.0 = Debug|Any CPU
		{A2033FF4-7E2A-40CA-9C63-60A9A4469B41}.Debug|Win32.ActiveCfg = Debug|Any CPU
		{A2033FF4-7E2A-40CA-9C63-60A9A4469B41}.Release|Any CPU.ActiveCfg = Release|Any CPU
		{A2033FF4-7E2A-40CA-9C63-60A9A4469B41}.Release|Any CPU.Build.0 = Release|Any CPU
		{A2033FF4-7E2A-40CA-9C63-60A9A4469B41}.Release|Mixed Platforms.ActiveCfg = Release|Any CPU
		{A2033FF4-7E2A-40CA-9C63-60A9A4469B41}.Release|Mixed Platforms.Build.0 = Release|Any CPU
		{A2033FF4-7E2A-40CA-9C63-60A9A4469B41}.Release|Win32.ActiveCfg = Release|Any CPU
		{2B59C262-2976-45E2-8759-9D5B36168C37}.Debug|Any CPU.ActiveCfg = Debug|Any CPU
		{2B59C262-2976-45E2-8759-9D5B36168C37}.Debug|Any CPU.Build.0 = Debug|Any CPU
		{2B59C262-2976-45E2-8759-9D5B36168C37}.Debug|Mixed Platforms.ActiveCfg = Debug|Any CPU
		{2B59C262-2976-45E2-8759-9D5B36168C37}.Debug|Mixed Platforms.Build.0 = Debug|Any CPU
		{2B59C262-2976-45E2-8759-9D5B36168C37}.Debug|Win32.ActiveCfg = Debug|Any CPU
		{2B59C262-2976-45E2-8759-9D5B36168C37}.Release|Any CPU.ActiveCfg = Release|Any CPU
		{2B59C262-2976-45E2-8759-9D5B36168C37}.Release|Any CPU.Build.0 = Release|Any CPU
		{2B59C262-2976-45E2-8759-9D5B36168C37}.Release|Mixed Platforms.ActiveCfg = Release|Any CPU
		{2B59C262-2976-45E2-8759-9D5B36168C37}.Release|Mixed Platforms.Build.0 = Release|Any CPU
		{2B59C262-2976-45E2-8759-9D5B36168C37}.Release|Win32.ActiveCfg = Release|Any CPU
		{0B6BF6C2-4CE2-43D6-B819-9A9DCDF87905}.Debug|Any CPU.ActiveCfg = Debug|Any CPU
		{0B6BF6C2-4CE2-43D6-B819-9A9DCDF87905}.Debug|Any CPU.Build.0 = Debug|Any CPU
		{0B6BF6C2-4CE2-43D6-B819-9A9DCDF87905}.Debug|Mixed Platforms.ActiveCfg = Debug|Any CPU
		{0B6BF6C2-4CE2-43D6-B819-9A9DCDF87905}.Debug|Mixed Platforms.Build.0 = Debug|Any CPU
		{0B6BF6C2-4CE2-43D6-B819-9A9DCDF87905}.Debug|Win32.ActiveCfg = Debug|Any CPU
		{0B6BF6C2-4CE2-43D6-B819-9A9DCDF87905}.Release|Any CPU.ActiveCfg = Release|Any CPU
		{0B6BF6C2-4CE2-43D6-B819-9A9DCDF87905}.Release|Any CPU.Build.0 = Release|Any CPU
		{0B6BF6C2-4CE2-43D6-B819-9A9DCDF87905}.Release|Mixed Platforms.ActiveCfg = Release|Any CPU
		{0B6BF6C2-4CE2-43D6-B819-9A9DCDF87905}.Release|Mixed Platforms.Build.0 = Release|Any CPU
		{0B6BF6C2-4CE2-43D6-B819-9A9DCDF87905}.Release|Win32.ActiveCfg = Release|Any CPU
	EndGlobalSection
	GlobalSection(SolutionProperties) = preSolution
		HideSolutionNode = FALSE
	EndGlobalSection
EndGlobal
